
Microsoft Visual Studio Solution File, Format Version 12.00
# Visual Studio Version 16
VisualStudioVersion = 16.0.31205.134
MinimumVisualStudioVersion = 10.0.40219.1
Project("{FAE04EC0-301F-11D3-BF4B-00C04F79EFBC}") = "WebApplication1", "WebApplication1\WebApplication1.csproj", "{94CE3F10-5B33-4537-AD46-7612FB349D8E}"
EndProject
Project("{FAE04EC0-301F-11D3-BF4B-00C04F79EFBC}") = "Repository", "Repository\Repository.csproj", "{483258E1-2119-435B-958B-AFF645C59A42}"
EndProject
Global
	GlobalSection(SolutionConfigurationPlatforms) = preSolution
		Debug|Any CPU = Debug|Any CPU
		Release|Any CPU = Release|Any CPU
	EndGlobalSection
	GlobalSection(ProjectConfigurationPlatforms) = postSolution
		{94CE3F10-5B33-4537-AD46-7612FB349D8E}.Debug|Any CPU.ActiveCfg = Debug|Any CPU
		{94CE3F10-5B33-4537-AD46-7612FB349D8E}.Debug|Any CPU.Build.0 = Debug|Any CPU
		{94CE3F10-5B33-4537-AD46-7612FB349D8E}.Release|Any CPU.ActiveCfg = Release|Any CPU
		{94CE3F10-5B33-4537-AD46-7612FB349D8E}.Release|Any CPU.Build.0 = Release|Any CPU
		{483258E1-2119-435B-958B-AFF645C59A42}.Debug|Any CPU.ActiveCfg = Debug|Any CPU
		{483258E1-2119-435B-958B-AFF645C59A42}.Debug|Any CPU.Build.0 = Debug|Any CPU
		{483258E1-2119-435B-958B-AFF645C59A42}.Release|Any CPU.ActiveCfg = Release|Any CPU
		{483258E1-2119-435B-958B-AFF645C59A42}.Release|Any CPU.Build.0 = Release|Any CPU
	EndGlobalSection
	GlobalSection(SolutionProperties) = preSolution
		HideSolutionNode = FALSE
	EndGlobalSection
	GlobalSection(ExtensibilityGlobals) = postSolution
		SolutionGuid = {CC8A2B37-0CAE-4EC7-8C98-B58824922357}
	EndGlobalSection
EndGlobal
